
Microsoft Visual Studio Solution File, Format Version 12.00
# Visual Studio Version 16
VisualStudioVersion = 16.0.29411.108
MinimumVisualStudioVersion = 10.0.40219.1
Project("{FAE04EC0-301F-11D3-BF4B-00C04F79EFBC}") = "HelloWeb", "HelloWeb\HelloWeb.csproj", "{1654251E-875E-4757-858D-4EC211CB0377}"
EndProject
Global
	GlobalSection(SolutionConfigurationPlatforms) = preSolution
		Debug|Any CPU = Debug|Any CPU
		Release|Any CPU = Release|Any CPU
	EndGlobalSection
	GlobalSection(ProjectConfigurationPlatforms) = postSolution
		{1654251E-875E-4757-858D-4EC211CB0377}.Debug|Any CPU.ActiveCfg = Debug|Any CPU
		{1654251E-875E-4757-858D-4EC211CB0377}.Debug|Any CPU.Build.0 = Debug|Any CPU
		{1654251E-875E-4757-858D-4EC211CB0377}.Release|Any CPU.ActiveCfg = Release|Any CPU
		{1654251E-875E-4757-858D-4EC211CB0377}.Release|Any CPU.Build.0 = Release|Any CPU
	EndGlobalSection
	GlobalSection(SolutionProperties) = preSolution
		HideSolutionNode = FALSE
	EndGlobalSection
	GlobalSection(ExtensibilityGlobals) = postSolution
		SolutionGuid = {60E04451-394C-4F17-B159-56A1A6116D99}
	EndGlobalSection
EndGlobal
